# This file is automatically @generated by Poetry 1.7.1 and should not be changed by hand.

[[package]]
name = "adafruit-blinka"
version = "8.19.0"
description = "CircuitPython APIs for non-CircuitPython versions of Python such as CPython on Linux and MicroPython."
optional = false
python-versions = ">=3.7.0"
files = [
    {file = "Adafruit_Blinka-8.19.0-py3-none-any.whl", hash = "sha256:41dfc5988d9897841db5969f93e33f02834c32e1923446d93a30f034e0723f77"},
]

[package.dependencies]
adafruit-circuitpython-typing = "*"
Adafruit-PlatformDetect = ">=3.13.0"
Adafruit-PureIO = ">=1.1.7"
pyftdi = ">=0.40.0"
"RPi.GPIO" = "*"
rpi-ws281x = ">=4.0.0"
sysv-ipc = ">=1.1.0"

[package.source]
type = "legacy"
url = "https://www.piwheels.org/simple"
reference = "piwheels"

[[package]]
name = "adafruit-circuitpython-busdevice"
version = "5.2.6"
description = "CircuitPython bus device classes to manage bus sharing."
optional = false
python-versions = "*"
files = [
    {file = "adafruit_circuitpython_busdevice-5.2.6-py3-none-any.whl", hash = "sha256:b6eed0dd8444c3812a26dc34590d83449c9617454618d55417bae0069cf383b3"},
]

[package.dependencies]
Adafruit-Blinka = ">=7.0.0"
adafruit-circuitpython-typing = "*"

[package.source]
type = "legacy"
url = "https://www.piwheels.org/simple"
reference = "piwheels"

[[package]]
name = "adafruit-circuitpython-connectionmanager"
version = "1.0.1"
description = "A urllib3.poolmanager/urllib3.connectionpool-like library for managing sockets and connections"
optional = false
python-versions = "*"
files = [
    {file = "adafruit_circuitpython_connectionmanager-1.0.1-py3-none-any.whl", hash = "sha256:67dead68080d54d11a7ef0c1ae951bd5edfe6e592c61f09a0e0d59e513277441"},
]

[package.dependencies]
Adafruit-Blinka = "*"

[package.source]
type = "legacy"
url = "https://www.piwheels.org/simple"
reference = "piwheels"

[[package]]
name = "adafruit-circuitpython-motor"
version = "3.3.5"
description = "CircuitPython helper library provides higher level objects to control motors and servos."
optional = false
python-versions = "*"
files = [
    {file = "adafruit_circuitpython_motor-3.3.5-py3-none-any.whl", hash = "sha256:feb6712522fc61fb96eeaae60396300a9ac87e212d7b4e48ae293da210c82ef5"},
]

[package.dependencies]
Adafruit-Blinka = "*"

[package.source]
type = "legacy"
url = "https://www.piwheels.org/simple"
reference = "piwheels"

[[package]]
name = "adafruit-circuitpython-motorkit"
version = "1.6.14"
description = "CircuitPython helper library for DC & Stepper Motor FeatherWing, Shield, and Pi Hat kits."
optional = false
python-versions = "*"
files = [
    {file = "adafruit_circuitpython_motorkit-1.6.14-py3-none-any.whl", hash = "sha256:a4d136d2ab967c2d0a7b3e1e44ada51626ba0bf9f0a3579cdcfed79052851562"},
]

[package.dependencies]
Adafruit-Blinka = "*"
adafruit-circuitpython-busdevice = "*"
adafruit-circuitpython-motor = "*"
adafruit-circuitpython-pca9685 = "*"
adafruit-circuitpython-register = "*"

[package.source]
type = "legacy"
url = "https://www.piwheels.org/simple"
reference = "piwheels"

[[package]]
name = "adafruit-circuitpython-pca9685"
version = "3.4.14"
description = "CircuitPython driver for motor, stepper, and servo based on PCA9685."
optional = false
python-versions = "*"
files = [
    {file = "adafruit_circuitpython_pca9685-3.4.14-py3-none-any.whl", hash = "sha256:8ee33995cb731ac4e36faf49a5561b69e4fb0f61defd9d1f079535412d612188"},
]

[package.dependencies]
Adafruit-Blinka = "*"
adafruit-circuitpython-busdevice = "*"
adafruit-circuitpython-register = "*"

[package.source]
type = "legacy"
url = "https://www.piwheels.org/simple"
reference = "piwheels"

[[package]]
name = "adafruit-circuitpython-register"
version = "1.9.18"
description = "CircuitPython data descriptor classes to represent hardware registers on I2C and SPI devices."
optional = false
python-versions = "*"
files = [
    {file = "adafruit_circuitpython_register-1.9.18-py3-none-any.whl", hash = "sha256:a7273badfa4754681ff943e0ffd06304fcca8e5446f34babc28b3dac9246d05b"},
]

[package.dependencies]
Adafruit-Blinka = "*"
adafruit-circuitpython-busdevice = "*"
adafruit-circuitpython-typing = ">=1.3.1,<2.dev0"
typing-extensions = ">=4.0,<5.0"

[package.source]
type = "legacy"
url = "https://www.piwheels.org/simple"
reference = "piwheels"

[[package]]
name = "adafruit-circuitpython-requests"
version = "3.2.0"
description = "A requests-like library for web interfacing"
optional = false
python-versions = "*"
files = [
    {file = "adafruit_circuitpython_requests-3.2.0-py3-none-any.whl", hash = "sha256:ee9ab1ed88554d2f732513242b1fcc5dbf3d1ee6853efc5defdd6e8c15e84a85"},
]

[package.dependencies]
Adafruit-Blinka = "*"
Adafruit-Circuitpython-ConnectionManager = "*"

[package.source]
type = "legacy"
url = "https://www.piwheels.org/simple"
reference = "piwheels"

[[package]]
name = "adafruit-circuitpython-typing"
version = "1.10.3"
description = "Types needed for type annotation that are not in `typing`"
optional = false
python-versions = ">=3.8"
files = [
    {file = "adafruit_circuitpython_typing-1.10.3-py3-none-any.whl", hash = "sha256:43ae1cca51305c9de2e6b092aafeb5eb24018e6d8aec98dff317daf765e455c4"},
]

[package.dependencies]
Adafruit-Blinka = "*"
adafruit-circuitpython-busdevice = "*"
adafruit-circuitpython-requests = "*"
typing-extensions = ">=4.0,<5.0"

[package.source]
type = "legacy"
url = "https://www.piwheels.org/simple"
reference = "piwheels"

[[package]]
name = "adafruit-gpio"
version = "1.0.3"
description = "Library to provide a cross-platform GPIO interface on the Raspberry Pi and Beaglebone Black using the RPi.GPIO and Adafruit_BBIO libraries."
optional = false
python-versions = "*"
files = [
    {file = "Adafruit_GPIO-1.0.3-py3-none-any.whl", hash = "sha256:2ec40553c94a154b62d3822ddd83b38428d8e1546f4fccce3aa6ab6e2d64ad79"},
]

[package.dependencies]
adafruit-pureio = "*"
spidev = "*"

[package.source]
type = "legacy"
url = "https://www.piwheels.org/simple"
reference = "piwheels"

[[package]]
name = "adafruit-platformdetect"
version = "3.45.2"
description = "Platform detection for use by libraries like Adafruit-Blinka."
optional = false
python-versions = "*"
files = [
    {file = "Adafruit_PlatformDetect-3.45.2-py3-none-any.whl", hash = "sha256:e5a9343bdfd0989312b9bc49cdb67f6d301a3c1af452d1fc1f94862e75cc1519"},
]

[package.source]
type = "legacy"
url = "https://www.piwheels.org/simple"
reference = "piwheels"

[[package]]
name = "adafruit-pureio"
version = "1.1.11"
description = "Pure python (i.e. no native extensions) access to Linux IO    including I2C and SPI. Drop in replacement for smbus and spidev modules."
optional = false
python-versions = ">=3.5.0"
files = [
    {file = "Adafruit_PureIO-1.1.11-py3-none-any.whl", hash = "sha256:665f23279bc216de92a00f34833650e2f49c9acc913fc3ca91195b94d172ed0f"},
]

[package.source]
type = "legacy"
url = "https://www.piwheels.org/simple"
reference = "piwheels"

[[package]]
name = "adafruit-ssd1306"
version = "1.6.2"
description = "Python library to use SSD1306-based 128x64 or 128x32 pixel OLED displays with a Raspberry Pi or Beaglebone Black."
optional = false
python-versions = "*"
files = [
    {file = "Adafruit_SSD1306-1.6.2-py3-none-any.whl", hash = "sha256:328e650bcff0cb8a693e9b8660932a323db4df6ff1d8041e98b0a6e53d7b9413"},
]

[package.dependencies]
Adafruit-GPIO = ">=0.6.5"

[package.source]
type = "legacy"
url = "https://www.piwheels.org/simple"
reference = "piwheels"

[[package]]
name = "astroid"
version = "3.1.0"
description = "An abstract syntax tree for Python with inference support."
optional = false
python-versions = ">=3.8.0"
files = [
    {file = "astroid-3.1.0-py3-none-any.whl", hash = "sha256:8b6501916903f6fa856760ff12178d0cb86687a84fdffec941d54c1df58c3a71"},
]

[package.dependencies]
typing-extensions = {version = ">=4.0.0", markers = "python_version < \"3.11\""}

[package.source]
type = "legacy"
url = "https://www.piwheels.org/simple"
reference = "piwheels"

[[package]]
name = "av"
version = "10.0.0"
description = "Pythonic bindings for FFmpeg's libraries."
optional = false
python-versions = "*"
files = [
    {file = "av-10.0.0-cp37-cp37m-linux_armv6l.whl", hash = "sha256:fcb7da295a9de153d434e2c99987cbf77371096296a3733813179be0d87e3aa2"},
    {file = "av-10.0.0-cp37-cp37m-linux_armv7l.whl", hash = "sha256:fcb7da295a9de153d434e2c99987cbf77371096296a3733813179be0d87e3aa2"},
    {file = "av-10.0.0-cp39-cp39-linux_armv6l.whl", hash = "sha256:53217d6d1693152c37c5cdca7a7f7cbaaf2f687e41d7d5ec0d8af696c4b0b4b4"},
    {file = "av-10.0.0-cp39-cp39-linux_armv7l.whl", hash = "sha256:53217d6d1693152c37c5cdca7a7f7cbaaf2f687e41d7d5ec0d8af696c4b0b4b4"},
]

[package.source]
type = "legacy"
url = "https://www.piwheels.org/simple"
reference = "piwheels"

[[package]]
name = "black"
version = "24.2.0"
description = "The uncompromising code formatter."
optional = false
python-versions = ">=3.8"
files = [
    {file = "black-24.2.0-py3-none-any.whl", hash = "sha256:e8a6ae970537e67830776488bca52000eaa37fa63b9988e8c487458d9cd5ace6"},
]

[package.dependencies]
click = ">=8.0.0"
mypy-extensions = ">=0.4.3"
packaging = ">=22.0"
pathspec = ">=0.9.0"
platformdirs = ">=2"
tomli = {version = ">=1.1.0", markers = "python_version < \"3.11\""}
typing-extensions = {version = ">=4.0.1", markers = "python_version < \"3.11\""}

[package.extras]
colorama = ["colorama (>=0.4.3)"]
d = ["aiohttp (>=3.7.4)", "aiohttp (>=3.7.4,!=3.9.0)"]
jupyter = ["ipython (>=7.8.0)", "tokenize-rt (>=3.2.0)"]
uvloop = ["uvloop (>=0.15.2)"]

[package.source]
type = "legacy"
url = "https://www.piwheels.org/simple"
reference = "piwheels"

[[package]]
name = "click"
version = "8.1.7"
description = "Composable command line interface toolkit"
optional = false
python-versions = ">=3.7"
files = [
    {file = "click-8.1.7-py3-none-any.whl", hash = "sha256:8e38806544348fdafedd47e92e90aca882377a0680918dec4c80c225a0e5ed13"},
]

[package.dependencies]
colorama = {version = "*", markers = "platform_system == \"Windows\""}

[package.source]
type = "legacy"
url = "https://www.piwheels.org/simple"
reference = "piwheels"

[[package]]
name = "colorama"
version = "0.4.6"
description = "Cross-platform colored terminal text."
optional = false
python-versions = "!=3.0.*,!=3.1.*,!=3.2.*,!=3.3.*,!=3.4.*,!=3.5.*,!=3.6.*,>=2.7"
files = [
    {file = "colorama-0.4.6-py2.py3-none-any.whl", hash = "sha256:4f1d9991f5acc0ca119f9d443620b77f9d6b33703e51011c16baf57afb285fc6"},
]

[package.source]
type = "legacy"
url = "https://www.piwheels.org/simple"
reference = "piwheels"

[[package]]
name = "colorzero"
version = "2.0"
description = "Yet another Python color library"
optional = false
python-versions = "*"
files = [
    {file = "colorzero-2.0-py2.py3-none-any.whl", hash = "sha256:0e60d743a6b8071498a56465f7719c96a5e92928f858bab1be2a0d606c9aa0f8"},
]

[package.dependencies]
setuptools = "*"

[package.extras]
doc = ["pkginfo", "sphinx", "sphinx-rtd-theme"]
test = ["pytest", "pytest-cov"]

[package.source]
type = "legacy"
url = "https://www.piwheels.org/simple"
reference = "piwheels"

[[package]]
name = "dill"
version = "0.3.8"
description = "serialize all of Python"
optional = false
python-versions = ">=3.8"
files = [
    {file = "dill-0.3.8-py3-none-any.whl", hash = "sha256:66471bcd78eccf94f71aee7839ec8891a9e14f84043c5832c8b35c2f3630e86a"},
]

[package.extras]
graph = ["objgraph (>=1.7.2)"]
profile = ["gprof2dot (>=2022.7.29)"]

[package.source]
type = "legacy"
url = "https://www.piwheels.org/simple"
reference = "piwheels"

[[package]]
name = "eradicate"
version = "2.3.0"
description = "Removes commented-out code."
optional = false
python-versions = "*"
files = [
    {file = "eradicate-2.3.0-py3-none-any.whl", hash = "sha256:242133f1ee05d3847adcf38b002f26526cf2e49b807445009613bf8c6f2c2cd3"},
]

[package.source]
type = "legacy"
url = "https://www.piwheels.org/simple"
reference = "piwheels"

[[package]]
name = "future"
version = "1.0.0"
description = "Clean single-source support for Python 3 and 2"
optional = false
python-versions = ">=2.6, !=3.0.*, !=3.1.*, !=3.2.*"
files = [
    {file = "future-1.0.0-py3-none-any.whl", hash = "sha256:4d2e474080933772cbc7fd735ff5a32925bb105a29dfd1efad6fe2c0a6f6a7ff"},
]

[package.source]
type = "legacy"
url = "https://www.piwheels.org/simple"
reference = "piwheels"

[[package]]
name = "isort"
version = "5.13.2"
description = "A Python utility / library to sort Python imports."
optional = false
python-versions = ">=3.8.0"
files = [
    {file = "isort-5.13.2-py3-none-any.whl", hash = "sha256:34a146c22c83acbd192a848e12a9b5e6bc14ef3d17f38fd5ad22a0b0488b87ba"},
]

[package.extras]
colors = ["colorama (>=0.4.6)"]

[package.source]
type = "legacy"
url = "https://www.piwheels.org/simple"
reference = "piwheels"

[[package]]
name = "loguru"
version = "0.5.3"
description = "Python logging made (stupidly) simple"
optional = false
python-versions = ">=3.5"
files = [
    {file = "loguru-0.5.3-py3-none-any.whl", hash = "sha256:f8087ac396b5ee5f67c963b495d615ebbceac2796379599820e324419d53667c"},
    {file = "loguru-0.5.3.tar.gz", hash = "sha256:b28e72ac7a98be3d28ad28570299a393dfcd32e5e3f6a353dec94675767b6319"},
]

[package.dependencies]
colorama = {version = ">=0.3.4", markers = "sys_platform == \"win32\""}
win32-setctime = {version = ">=1.0.0", markers = "sys_platform == \"win32\""}

[package.extras]
dev = ["Sphinx (>=2.2.1)", "black (>=19.10b0)", "codecov (>=2.0.15)", "colorama (>=0.3.4)", "flake8 (>=3.7.7)", "isort (>=5.1.1)", "pytest (>=4.6.2)", "pytest-cov (>=2.7.1)", "sphinx-autobuild (>=0.7.1)", "sphinx-rtd-theme (>=0.4.3)", "tox (>=3.9.0)", "tox-travis (>=0.12)"]

[[package]]
name = "loguru"
version = "0.5.3"
description = "Python logging made (stupidly) simple"
optional = false
python-versions = ">=3.5"
files = [
    {file = "loguru-0.5.3-py3-none-any.whl", hash = "sha256:f8087ac396b5ee5f67c963b495d615ebbceac2796379599820e324419d53667c"},
]

[package.dependencies]
colorama = {version = ">=0.3.4", markers = "sys_platform == \"win32\""}
win32-setctime = {version = ">=1.0.0", markers = "sys_platform == \"win32\""}

[package.extras]
dev = ["Sphinx (>=2.2.1)", "black (>=19.10b0)", "codecov (>=2.0.15)", "colorama (>=0.3.4)", "flake8 (>=3.7.7)", "isort (>=5.1.1)", "pytest (>=4.6.2)", "pytest-cov (>=2.7.1)", "sphinx-autobuild (>=0.7.1)", "sphinx-rtd-theme (>=0.4.3)", "tox (>=3.9.0)", "tox-travis (>=0.12)"]

[package.source]
type = "legacy"
url = "https://www.piwheels.org/simple"
reference = "piwheels"

[[package]]
name = "mando"
version = "0.6.4"
description = "Create Python CLI apps with little to no effort at all!"
optional = false
python-versions = "*"
files = [
    {file = "mando-0.6.4-py2.py3-none-any.whl", hash = "sha256:4ce09faec7e5192ffc3c57830e26acba0fd6cd11e1ee81af0d4df0657463bd1c"},
]

[package.dependencies]
six = "*"

[package.extras]
restructuredtext = ["rst2ansi"]

[package.source]
type = "legacy"
url = "https://www.piwheels.org/simple"
reference = "piwheels"

[[package]]
name = "mccabe"
version = "0.7.0"
description = "McCabe checker, plugin for flake8"
optional = false
python-versions = ">=3.6"
files = [
    {file = "mccabe-0.7.0-py2.py3-none-any.whl", hash = "sha256:afd5dbbfbc7a5c66374ba2c14777063ec6fb2f0218bf1de55c65dbcf8a7f053d"},
]

[package.source]
type = "legacy"
url = "https://www.piwheels.org/simple"
reference = "piwheels"

[[package]]
name = "mypy"
version = "1.9.0"
description = "Optional static typing for Python"
optional = false
python-versions = ">=3.8"
files = [
    {file = "mypy-1.9.0-py3-none-any.whl", hash = "sha256:ce791e6baf19ef9cdd7d8aec5a8bed003aabc6752cf98f89165a0ca5ac4e78d5"},
]

[package.dependencies]
mypy-extensions = ">=1.0.0"
tomli = {version = ">=1.1.0", markers = "python_version < \"3.11\""}
typing-extensions = ">=4.1.0"

[package.extras]
dmypy = ["psutil (>=4.0)"]
install-types = ["pip"]
mypyc = ["setuptools (>=50)"]
reports = ["lxml"]

[package.source]
type = "legacy"
url = "https://www.piwheels.org/simple"
reference = "piwheels"

[[package]]
name = "mypy-extensions"
version = "1.0.0"
description = "Type system extensions for programs checked with the mypy type checker."
optional = false
python-versions = ">=3.5"
files = [
    {file = "mypy_extensions-1.0.0-py3-none-any.whl", hash = "sha256:7b58bcc6d3a548c146400c2e5de934bdbf2658503f897adee40f210e19b1f0ac"},
]

[package.source]
type = "legacy"
url = "https://www.piwheels.org/simple"
reference = "piwheels"

[[package]]
name = "numpy"
version = "1.26.4"
description = "Fundamental package for array computing in Python"
optional = false
python-versions = ">=3.9"
files = [
    {file = "numpy-1.26.4-cp311-cp311-linux_armv6l.whl", hash = "sha256:81a37a6d46f316f63b79f58865068410ff7a9e6bc37555c7600f1f608d7872fc"},
    {file = "numpy-1.26.4-cp311-cp311-linux_armv7l.whl", hash = "sha256:81a37a6d46f316f63b79f58865068410ff7a9e6bc37555c7600f1f608d7872fc"},
    {file = "numpy-1.26.4-cp39-cp39-linux_armv6l.whl", hash = "sha256:664008f1f01915d163caa021a2324f20c63e0d18f434a811a69ae2e24d322618"},
    {file = "numpy-1.26.4-cp39-cp39-linux_armv7l.whl", hash = "sha256:664008f1f01915d163caa021a2324f20c63e0d18f434a811a69ae2e24d322618"},
]

[package.source]
type = "legacy"
url = "https://www.piwheels.org/simple"
reference = "piwheels"

[[package]]
name = "packaging"
version = "24.0"
description = "Core utilities for Python packages"
optional = false
python-versions = ">=3.7"
files = [
    {file = "packaging-24.0-py3-none-any.whl", hash = "sha256:f77492ae2aa2351902c35d1f38e576d0f76d93df929d9f65e6409f2d09b3b3b3"},
]

[package.source]
type = "legacy"
url = "https://www.piwheels.org/simple"
reference = "piwheels"

[[package]]
name = "paho-mqtt"
version = "1.6.1"
description = "MQTT version 5.0/3.1.1 client class"
optional = false
python-versions = "*"
files = [
    {file = "paho-mqtt-1.6.1.tar.gz", hash = "sha256:2a8291c81623aec00372b5a85558a372c747cbca8e9934dfe218638b8eefc26f"},
]

[package.extras]
proxy = ["PySocks"]

[[package]]
name = "paho-mqtt"
version = "1.6.1"
description = "MQTT version 5.0/3.1.1 client class"
optional = false
python-versions = "*"
files = [
    {file = "paho_mqtt-1.6.1-py3-none-any.whl", hash = "sha256:c44b3dd1b298894c44e3e842f7b0ca3ebe01f628a6f229c881b2324613d7bba7"},
]

[package.extras]
proxy = ["PySocks"]

[package.source]
type = "legacy"
url = "https://www.piwheels.org/simple"
reference = "piwheels"

[[package]]
name = "pastel"
version = "0.2.1"
description = "Bring colors to your terminal."
optional = false
python-versions = ">=2.7, !=3.0.*, !=3.1.*, !=3.2.*, !=3.3.*"
files = [
    {file = "pastel-0.2.1-py2.py3-none-any.whl", hash = "sha256:4349225fcdf6c2bb34d483e523475de5bb04a5c10ef711263452cb37d7dd4364"},
]

[package.source]
type = "legacy"
url = "https://www.piwheels.org/simple"
reference = "piwheels"

[[package]]
name = "pathspec"
version = "0.12.1"
description = "Utility library for gitignore style pattern matching of file paths."
optional = false
python-versions = ">=3.8"
files = [
    {file = "pathspec-0.12.1-py3-none-any.whl", hash = "sha256:abdf2ccde2babf20f12de0f090074ebea14a544ece6a038e20fb5e000a30e869"},
]

[package.source]
type = "legacy"
url = "https://www.piwheels.org/simple"
reference = "piwheels"

[[package]]
name = "picamera"
version = "1.13"
description = "A pure Python interface for the Raspberry Pi camera module."
optional = false
python-versions = "*"
files = [
    {file = "picamera-1.13-py3-none-any.whl", hash = "sha256:122e792bb944973cdf2e810a8cbfc405d5c154083943ef75a5cc9f57ee4058f5"},
]

[package.extras]
array = ["numpy"]
doc = ["sphinx"]
test = ["Pillow", "coverage", "mock", "numpy", "pytest"]

[package.source]
type = "legacy"
url = "https://www.piwheels.org/simple"
reference = "piwheels"

[[package]]
name = "picamera2"
version = "0.3.10"
description = "The libcamera-based Python interface to Raspberry Pi cameras, based on the original Picamera library"
optional = false
python-versions = ">=3.9"
files = [
    {file = "picamera2-0.3.10-py3-none-any.whl", hash = "sha256:805441c57e23f2c64cfa98f4f2385bbd9ce12d3bfa919aa4ed7fbb1815535eb5"},
]

[package.dependencies]
numpy = "*"
PiDNG = "*"
piexif = "*"
pillow = "*"
python-prctl = "*"
simplejpeg = "*"
v4l2-python3 = "*"

[package.extras]
gui = ["PyQt5", "pyopengl"]

[package.source]
type = "legacy"
url = "https://www.piwheels.org/simple"
reference = "piwheels"

[[package]]
name = "picamerax"
version = "21.9.8"
description = "A pure Python interface for the Raspberry Pi camera module, with extra features and fixes."
optional = false
python-versions = "*"
files = [
    {file = "picamerax-21.9.8-py3-none-any.whl", hash = "sha256:2386c3617fe4a65472e981e38501ebb3cd4a6a7cd2d72c0c85495078d60230ec"},
]

[package.dependencies]
colorzero = "*"

[package.extras]
array = ["numpy"]
doc = ["sphinx"]
test = ["Pillow", "coverage", "mock", "numpy", "pytest"]

[package.source]
type = "legacy"
url = "https://www.piwheels.org/simple"
reference = "piwheels"

[[package]]
name = "pidng"
version = "4.0.9"
description = "Python utility for creating Adobe DNG files from RAW image data."
optional = false
python-versions = ">=3.6"
files = [
    {file = "pidng-4.0.9-cp311-cp311-linux_armv6l.whl", hash = "sha256:c46546d0a1ba9c42e77435577808202370ea06b65adbedd6ddef817f98ff951c"},
    {file = "pidng-4.0.9-cp311-cp311-linux_armv7l.whl", hash = "sha256:c46546d0a1ba9c42e77435577808202370ea06b65adbedd6ddef817f98ff951c"},
    {file = "pidng-4.0.9-cp37-cp37m-linux_armv6l.whl", hash = "sha256:96ac5f016a35bb828aa0d7033c4fde414f4008017c3d9880a533b3678935a5bd"},
    {file = "pidng-4.0.9-cp37-cp37m-linux_armv7l.whl", hash = "sha256:96ac5f016a35bb828aa0d7033c4fde414f4008017c3d9880a533b3678935a5bd"},
    {file = "pidng-4.0.9-cp39-cp39-linux_armv6l.whl", hash = "sha256:f144858eebb83eca337bb27905efb7a290faca5b9d5f2cd5669c7148ef00b374"},
    {file = "pidng-4.0.9-cp39-cp39-linux_armv7l.whl", hash = "sha256:f144858eebb83eca337bb27905efb7a290faca5b9d5f2cd5669c7148ef00b374"},
]

[package.dependencies]
numpy = "*"

[package.source]
type = "legacy"
url = "https://www.piwheels.org/simple"
reference = "piwheels"

[[package]]
name = "piexif"
version = "1.1.3"
description = "To simplify exif manipulations with python. Writing, reading, and more..."
optional = false
python-versions = ">=2.7, !=3.0.*, !=3.1.*, !=3.2.*, !=3.3.*, !=3.4.*"
files = [
    {file = "piexif-1.1.3-py2.py3-none-any.whl", hash = "sha256:3bc435d171720150b81b15d27e05e54b8abbde7b4242cddd81ef160d283108b6"},
]

[package.source]
type = "legacy"
url = "https://www.piwheels.org/simple"
reference = "piwheels"

[[package]]
name = "pillow"
version = "10.2.0"
description = "Python Imaging Library (Fork)"
optional = false
python-versions = ">=3.8"
files = [
    {file = "pillow-10.2.0-cp311-cp311-linux_armv6l.whl", hash = "sha256:586020c04c8c433a46706bfbb4354a00d17a3d54527787fd2863e2fbbea5f612"},
    {file = "pillow-10.2.0-cp311-cp311-linux_armv7l.whl", hash = "sha256:586020c04c8c433a46706bfbb4354a00d17a3d54527787fd2863e2fbbea5f612"},
    {file = "pillow-10.2.0-cp39-cp39-linux_armv6l.whl", hash = "sha256:4c06e95b60744ed68a118865328d02b7760e57e072d07fff8ed761ec65898ea4"},
    {file = "pillow-10.2.0-cp39-cp39-linux_armv7l.whl", hash = "sha256:4c06e95b60744ed68a118865328d02b7760e57e072d07fff8ed761ec65898ea4"},
]

[package.extras]
docs = ["furo", "olefile", "sphinx (>=2.4)", "sphinx-copybutton", "sphinx-inline-tabs", "sphinx-removed-in", "sphinxext-opengraph"]
fpx = ["olefile"]
mic = ["olefile"]
tests = ["check-manifest", "coverage", "defusedxml", "markdown2", "olefile", "packaging", "pyroma", "pytest", "pytest-cov", "pytest-timeout"]
typing = ["typing-extensions"]
xmp = ["defusedxml"]

[package.source]
type = "legacy"
url = "https://www.piwheels.org/simple"
reference = "piwheels"

[[package]]
name = "platformdirs"
version = "4.2.0"
description = "A small Python package for determining appropriate platform-specific dirs, e.g. a \"user data dir\"."
optional = false
python-versions = ">=3.8"
files = [
    {file = "platformdirs-4.2.0-py3-none-any.whl", hash = "sha256:0614df2a2f37e1a662acbd8e2b25b92ccf8632929bc6d43467e17fe89c75e068"},
]

[package.extras]
docs = ["furo (>=2023.9.10)", "proselint (>=0.13)", "sphinx (>=7.2.6)", "sphinx-autodoc-typehints (>=1.25.2)"]
test = ["appdirs (==1.4.4)", "covdefaults (>=2.3)", "pytest (>=7.4.3)", "pytest-cov (>=4.1)", "pytest-mock (>=3.12)"]

[package.source]
type = "legacy"
url = "https://www.piwheels.org/simple"
reference = "piwheels"

[[package]]
name = "poethepoet"
version = "0.25.0"
description = "A task runner that works well with poetry."
optional = false
python-versions = ">=3.8"
files = [
    {file = "poethepoet-0.25.0-py3-none-any.whl", hash = "sha256:42c0fd654f23e1b7c67aa8aa395c72e15eb275034bd5105171003daf679c1470"},
]

[package.dependencies]
pastel = ">=0.2.1,<0.3.0"
tomli = ">=1.2.2"

[package.extras]
poetry-plugin = ["poetry (>=1.0,<2.0)"]

[package.source]
type = "legacy"
url = "https://www.piwheels.org/simple"
reference = "piwheels"

[[package]]
name = "pycodestyle"
version = "2.11.1"
description = "Python style guide checker"
optional = false
python-versions = ">=3.8"
files = [
    {file = "pycodestyle-2.11.1-py2.py3-none-any.whl", hash = "sha256:ee547ed18c8e0a8af96be1242e679c0e6fcbcc271ae5e2e7ec0d67fa44526e8c"},
]

[package.source]
type = "legacy"
url = "https://www.piwheels.org/simple"
reference = "piwheels"

[[package]]
name = "pydocstyle"
version = "6.3.0"
description = "Python docstring style checker"
optional = false
python-versions = ">=3.6"
files = [
    {file = "pydocstyle-6.3.0-py3-none-any.whl", hash = "sha256:4f68aaa152354d3aa430bd7fe4d13b46794b7b8ea0199d464d43927c9986d595"},
]

[package.dependencies]
snowballstemmer = ">=2.2.0"

[package.extras]
toml = ["tomli (>=1.2.3)"]

[package.source]
type = "legacy"
url = "https://www.piwheels.org/simple"
reference = "piwheels"

[[package]]
name = "pyflakes"
version = "3.2.0"
description = "passive checker of Python programs"
optional = false
python-versions = ">=3.8"
files = [
    {file = "pyflakes-3.2.0-py2.py3-none-any.whl", hash = "sha256:2f47e486427c68ec1f4a5f04dfcb1df637f456b649852051047181ec76dc8cf8"},
]

[package.source]
type = "legacy"
url = "https://www.piwheels.org/simple"
reference = "piwheels"

[[package]]
name = "pyftdi"
version = "0.55.0"
description = "FTDI device driver (pure Python)"
optional = false
python-versions = ">=3.8"
files = [
    {file = "pyftdi-0.55.0-py3-none-any.whl", hash = "sha256:662770e70b3c26dd8832a63adc660836f6557808005dd2735182f0c5a6aaa449"},
]

[package.dependencies]
pyserial = ">=3.0"
pyusb = ">=1.0.0,<1.2.0 || >1.2.0"

[package.source]
type = "legacy"
url = "https://www.piwheels.org/simple"
reference = "piwheels"

[[package]]
name = "pylama"
version = "8.4.1"
description = "Code audit tool for python"
optional = false
python-versions = ">=3.7"
files = [
    {file = "pylama-8.4.1-py3-none-any.whl", hash = "sha256:8c2dbbe6e0e49735f35ca31d2ee8253b863be68be63dd11273142e82c46702aa"},
]

[package.dependencies]
eradicate = {version = "*", optional = true, markers = "extra == \"all\""}
mccabe = ">=0.7.0"
mypy = {version = "*", optional = true, markers = "extra == \"all\""}
pycodestyle = ">=2.9.1"
pydocstyle = ">=6.1.1"
pyflakes = ">=2.5.0"
pylint = {version = "*", optional = true, markers = "extra == \"all\""}
radon = {version = "*", optional = true, markers = "extra == \"all\""}
toml = {version = ">=0.10.2", optional = true, markers = "extra == \"toml\""}
vulture = {version = "*", optional = true, markers = "extra == \"all\""}

[package.extras]
all = ["eradicate", "mypy", "pylint", "radon", "vulture"]
eradicate = ["eradicate"]
mypy = ["mypy"]
pylint = ["pylint"]
radon = ["radon"]
tests = ["eradicate (>=2.0.0)", "mypy", "pylama-quotes", "pylint (>=2.11.1)", "pytest (>=7.1.2)", "pytest-mypy", "radon (>=5.1.0)", "toml", "types-setuptools", "types-toml", "vulture"]
toml = ["toml (>=0.10.2)"]
vulture = ["vulture"]

[package.source]
type = "legacy"
url = "https://www.piwheels.org/simple"
reference = "piwheels"

[[package]]
name = "pylint"
version = "3.1.0"
description = "python code static checker"
optional = false
python-versions = ">=3.8.0"
files = [
    {file = "pylint-3.1.0-py3-none-any.whl", hash = "sha256:95f9e0012bafab0b16b32dd834f069f522b2ac6bc2f81d7767d8c9a534d81919"},
]

[package.dependencies]
astroid = ">=3.1.0,<=3.2.0-dev0"
colorama = {version = ">=0.4.5", markers = "sys_platform == \"win32\""}
dill = [
    {version = ">=0.2", markers = "python_version < \"3.11\""},
    {version = ">=0.3.7", markers = "python_version >= \"3.12\""},
    {version = ">=0.3.6", markers = "python_version >= \"3.11\" and python_version < \"3.12\""},
]
isort = ">=4.2.5,<5.13.0 || >5.13.0,<6"
mccabe = ">=0.6,<0.8"
platformdirs = ">=2.2.0"
tomli = {version = ">=1.1.0", markers = "python_version < \"3.11\""}
tomlkit = ">=0.10.1"
typing-extensions = {version = ">=3.10.0", markers = "python_version < \"3.10\""}

[package.extras]
spelling = ["pyenchant (>=3.2,<4.0)"]
testutils = ["gitpython (>3)"]

[package.source]
type = "legacy"
url = "https://www.piwheels.org/simple"
reference = "piwheels"

[[package]]
name = "pyserial"
version = "3.5"
description = "Python Serial Port Extension"
optional = false
python-versions = "*"
files = [
    {file = "pyserial-3.5-py2.py3-none-any.whl", hash = "sha256:c4451db6ba391ca6ca299fb3ec7bae67a5c55dde170964c7a14ceefec02f2cf0"},
]

[package.extras]
cp2110 = ["hidapi"]

[package.source]
type = "legacy"
url = "https://www.piwheels.org/simple"
reference = "piwheels"

[[package]]
name = "python-prctl"
version = "1.8.1"
description = "Python(ic) interface to the linux prctl syscall"
optional = false
python-versions = "*"
files = [
    {file = "python-prctl-1.8.1.tar.gz", hash = "sha256:b4ca9a25a7d4f1ace4fffd1f3a2e64ef5208fe05f929f3edd5e27081ca7e67ce"},
]

[[package]]
name = "pyusb"
version = "1.2.1"
description = "Python USB access module"
optional = false
python-versions = ">=3.6.0"
files = [
    {file = "pyusb-1.2.1-py3-none-any.whl", hash = "sha256:2b4c7cb86dbadf044dfb9d3a4ff69fd217013dbe78a792177a3feb172449ea36"},
]

[package.source]
type = "legacy"
url = "https://www.piwheels.org/simple"
reference = "piwheels"

[[package]]
name = "radon"
version = "5.1.0"
description = "Code Metrics in Python"
optional = false
python-versions = "*"
files = [
    {file = "radon-5.1.0-py2.py3-none-any.whl", hash = "sha256:5dda03bf2ed05aa89225c57255aafa7348abf27496ba09801157ae430e0b599d"},
]

[package.dependencies]
colorama = {version = ">=0.4.1", markers = "python_version > \"3.4\""}
future = "*"
mando = ">=0.6,<0.7"

[package.source]
type = "legacy"
url = "https://www.piwheels.org/simple"
reference = "piwheels"

[[package]]
name = "rpi-gpio"
version = "0.7.1"
description = "A module to control Raspberry Pi GPIO channels"
optional = false
python-versions = "*"
files = [
    {file = "RPi.GPIO-0.7.1-cp311-cp311-linux_armv6l.whl", hash = "sha256:df02c92d1a55ff8cdfffea5012ea73a9b09fdcc4d14799d834b3840fcf4039ad"},
    {file = "RPi.GPIO-0.7.1-cp311-cp311-linux_armv7l.whl", hash = "sha256:df02c92d1a55ff8cdfffea5012ea73a9b09fdcc4d14799d834b3840fcf4039ad"},
    {file = "RPi.GPIO-0.7.1-cp35-cp35m-linux_armv6l.whl", hash = "sha256:5073d1972727cfad38a1a42f02da91dc41f137679290aa804ab6c410168347ac"},
    {file = "RPi.GPIO-0.7.1-cp35-cp35m-linux_armv7l.whl", hash = "sha256:5073d1972727cfad38a1a42f02da91dc41f137679290aa804ab6c410168347ac"},
    {file = "RPi.GPIO-0.7.1-cp37-cp37m-linux_armv6l.whl", hash = "sha256:e5dfec2c4ccb7dbe9eef3dfc76a3b04121fc62d77fd8fbe1a8e841468a1b0c4c"},
    {file = "RPi.GPIO-0.7.1-cp37-cp37m-linux_armv7l.whl", hash = "sha256:e5dfec2c4ccb7dbe9eef3dfc76a3b04121fc62d77fd8fbe1a8e841468a1b0c4c"},
    {file = "RPi.GPIO-0.7.1-cp39-cp39-linux_armv6l.whl", hash = "sha256:231f6142c25975a7e39b96faf4905f05f97dba6809e8c5f0d58f284b35b4b821"},
    {file = "RPi.GPIO-0.7.1-cp39-cp39-linux_armv7l.whl", hash = "sha256:231f6142c25975a7e39b96faf4905f05f97dba6809e8c5f0d58f284b35b4b821"},
]

[package.source]
type = "legacy"
url = "https://www.piwheels.org/simple"
reference = "piwheels"

[[package]]
name = "rpi-ws281x"
version = "5.0.0"
description = "Userspace Raspberry Pi PWM/PCM/SPI library for SK6812 and WS281X LEDs."
optional = false
python-versions = ">=3.6"
files = [
    {file = "rpi_ws281x-5.0.0-cp37-cp37m-linux_armv6l.whl", hash = "sha256:2d9d8cb8f54bf68c1935a9b466aef8960f2e4aec4328057c0a9e59fc8eaad187"},
    {file = "rpi_ws281x-5.0.0-cp37-cp37m-linux_armv7l.whl", hash = "sha256:2d9d8cb8f54bf68c1935a9b466aef8960f2e4aec4328057c0a9e59fc8eaad187"},
    {file = "rpi_ws281x-5.0.0-cp39-cp39-linux_armv6l.whl", hash = "sha256:3c4af921dda22a393e42793e799823918e7d7a5bb71e50e885c22769ffa00c73"},
    {file = "rpi_ws281x-5.0.0-cp39-cp39-linux_armv7l.whl", hash = "sha256:3c4af921dda22a393e42793e799823918e7d7a5bb71e50e885c22769ffa00c73"},
]

[package.source]
type = "legacy"
url = "https://www.piwheels.org/simple"
reference = "piwheels"

[[package]]
name = "setuptools"
version = "69.2.0"
description = "Easily download, build, install, upgrade, and uninstall Python packages"
optional = false
python-versions = ">=3.8"
files = [
    {file = "setuptools-69.2.0-py3-none-any.whl", hash = "sha256:d279ffc6227266fdba425aa9742a3e6d0ba4dacfa2b1312f1b65ed3890082e6a"},
]

[package.extras]
docs = ["furo", "jaraco.packaging (>=9.3)", "jaraco.tidelift (>=1.4)", "pygments-github-lexers (==0.0.5)", "rst.linker (>=1.9)", "sphinx (<7.2.5)", "sphinx (>=3.5)", "sphinx-favicon", "sphinx-inline-tabs", "sphinx-lint", "sphinx-notfound-page (>=1,<2)", "sphinx-reredirects", "sphinxcontrib-towncrier"]
testing = ["build[virtualenv]", "filelock (>=3.4.0)", "importlib-metadata", "ini2toml[lite] (>=0.9)", "jaraco.develop (>=7.21)", "jaraco.envs (>=2.2)", "jaraco.path (>=3.2.0)", "mypy (==1.9)", "packaging (>=23.2)", "pip (>=19.1)", "pytest (>=6)", "pytest-checkdocs (>=2.4)", "pytest-cov", "pytest-enabler (>=2.2)", "pytest-home (>=0.5)", "pytest-mypy (>=0.9.1)", "pytest-perf", "pytest-ruff (>=0.2.1)", "pytest-timeout", "pytest-xdist (>=3)", "tomli", "tomli-w (>=1.0.0)", "virtualenv (>=13.0.0)", "wheel"]
testing-integration = ["build[virtualenv] (>=1.0.3)", "filelock (>=3.4.0)", "jaraco.envs (>=2.2)", "jaraco.path (>=3.2.0)", "packaging (>=23.2)", "pytest", "pytest-enabler", "pytest-xdist", "tomli", "virtualenv (>=13.0.0)", "wheel"]

[package.source]
type = "legacy"
url = "https://www.piwheels.org/simple"
reference = "piwheels"

[[package]]
name = "simplejpeg"
version = "1.7.2"
description = "A simple package for fast JPEG encoding and decoding."
optional = false
python-versions = ">=3.7"
files = [
    {file = "simplejpeg-1.7.2-cp311-cp311-linux_armv6l.whl", hash = "sha256:c47d618dbb28bcd2d8c95bef6f6b8c1c2ef0c7d375c2cc4085958297814dd829"},
    {file = "simplejpeg-1.7.2-cp311-cp311-linux_armv7l.whl", hash = "sha256:c47d618dbb28bcd2d8c95bef6f6b8c1c2ef0c7d375c2cc4085958297814dd829"},
    {file = "simplejpeg-1.7.2-cp37-cp37m-linux_armv6l.whl", hash = "sha256:0faf1b26dfb1a9a32e1072c5469687473f668407af8860e2ab63150127811b32"},
    {file = "simplejpeg-1.7.2-cp37-cp37m-linux_armv7l.whl", hash = "sha256:0faf1b26dfb1a9a32e1072c5469687473f668407af8860e2ab63150127811b32"},
    {file = "simplejpeg-1.7.2-cp39-cp39-linux_armv6l.whl", hash = "sha256:91a62f2311d65232674c33035bd6c55fc2dd5784f16f736450db41902d2d8dbb"},
    {file = "simplejpeg-1.7.2-cp39-cp39-linux_armv7l.whl", hash = "sha256:91a62f2311d65232674c33035bd6c55fc2dd5784f16f736450db41902d2d8dbb"},
]

[package.dependencies]
numpy = "*"

[package.source]
type = "legacy"
url = "https://www.piwheels.org/simple"
reference = "piwheels"

[[package]]
name = "six"
version = "1.16.0"
description = "Python 2 and 3 compatibility utilities"
optional = false
python-versions = ">=2.7, !=3.0.*, !=3.1.*, !=3.2.*"
files = [
    {file = "six-1.16.0-py2.py3-none-any.whl", hash = "sha256:8abb2f1d86890a2dfb989f9a77cfcfd3e47c2a354b01111771326f8aa26e0254"},
]

[package.source]
type = "legacy"
url = "https://www.piwheels.org/simple"
reference = "piwheels"

[[package]]
name = "smbus2"
version = "0.4.3"
description = "smbus2 is a drop-in replacement for smbus-cffi/smbus-python in pure Python"
optional = false
python-versions = "*"
files = [
    {file = "smbus2-0.4.3-py2.py3-none-any.whl", hash = "sha256:4747d1f1394d9fb900d960a76931166645f901f3170616ab3aeb7eaaa6505bf5"},
]

[package.extras]
docs = ["sphinx (>=1.5.3)"]
qa = ["flake8"]
test = ["mock", "nose"]

[package.source]
type = "legacy"
url = "https://www.piwheels.org/simple"
reference = "piwheels"

[[package]]
name = "snowballstemmer"
version = "2.2.0"
description = "This package provides 29 stemmers for 28 languages generated from Snowball algorithms."
optional = false
python-versions = "*"
files = [
    {file = "snowballstemmer-2.2.0-py2.py3-none-any.whl", hash = "sha256:53823aa64ad78444911007d0f56ee775f1b8c1e34c32bdba744d8be02ce7bbf3"},
]

[package.source]
type = "legacy"
url = "https://www.piwheels.org/simple"
reference = "piwheels"

[[package]]
name = "spidev"
version = "3.6"
description = "Python bindings for Linux SPI access through spidev"
optional = false
python-versions = "*"
files = [
    {file = "spidev-3.6-cp311-cp311-linux_armv6l.whl", hash = "sha256:7143daf8ac2238f7eeabc059db334265ad3b7cb936cecf6412c6cad502155ba4"},
    {file = "spidev-3.6-cp311-cp311-linux_armv7l.whl", hash = "sha256:7143daf8ac2238f7eeabc059db334265ad3b7cb936cecf6412c6cad502155ba4"},
    {file = "spidev-3.6-cp37-cp37m-linux_armv6l.whl", hash = "sha256:ef47ae501d5b307ce7411e3ddab4b4d04fa31fdaed5e5730a4e3336f65c5f76b"},
    {file = "spidev-3.6-cp37-cp37m-linux_armv7l.whl", hash = "sha256:ef47ae501d5b307ce7411e3ddab4b4d04fa31fdaed5e5730a4e3336f65c5f76b"},
    {file = "spidev-3.6-cp39-cp39-linux_armv6l.whl", hash = "sha256:202698d9f7906cca548c301b97eee117bc029642af3e743b28597f752d11c0ee"},
    {file = "spidev-3.6-cp39-cp39-linux_armv7l.whl", hash = "sha256:202698d9f7906cca548c301b97eee117bc029642af3e743b28597f752d11c0ee"},
]

[package.source]
type = "legacy"
url = "https://www.piwheels.org/simple"
reference = "piwheels"

[[package]]
name = "sysv-ipc"
version = "1.1.0"
description = "System V IPC primitives (semaphores, shared memory and message queues) for Python"
optional = false
python-versions = "*"
files = [
    {file = "sysv_ipc-1.1.0-cp311-cp311-linux_armv6l.whl", hash = "sha256:5fb634b7ff62415d240a6a37a7e7c0ed6fe708b2bb541a81bfaf3da4df7a47ff"},
    {file = "sysv_ipc-1.1.0-cp311-cp311-linux_armv7l.whl", hash = "sha256:5fb634b7ff62415d240a6a37a7e7c0ed6fe708b2bb541a81bfaf3da4df7a47ff"},
    {file = "sysv_ipc-1.1.0-cp37-cp37m-linux_armv6l.whl", hash = "sha256:3cc523ce39338200c0ad7735c48267a26735690977b4eb4879bd8e10b4e7a82d"},
    {file = "sysv_ipc-1.1.0-cp37-cp37m-linux_armv7l.whl", hash = "sha256:3cc523ce39338200c0ad7735c48267a26735690977b4eb4879bd8e10b4e7a82d"},
    {file = "sysv_ipc-1.1.0-cp39-cp39-linux_armv6l.whl", hash = "sha256:0ef1f4360d0c4e353f63d43743911c060881ebf920c95ec8adfa4fcbf58955da"},
    {file = "sysv_ipc-1.1.0-cp39-cp39-linux_armv7l.whl", hash = "sha256:0ef1f4360d0c4e353f63d43743911c060881ebf920c95ec8adfa4fcbf58955da"},
]

[package.source]
type = "legacy"
url = "https://www.piwheels.org/simple"
reference = "piwheels"

[[package]]
name = "toml"
version = "0.10.2"
description = "Python Library for Tom's Obvious, Minimal Language"
optional = false
python-versions = ">=2.6, !=3.0.*, !=3.1.*, !=3.2.*"
files = [
    {file = "toml-0.10.2-py2.py3-none-any.whl", hash = "sha256:806143ae5bfb6a3c6e736a764057db0e6a0e05e338b5630894a5f779cabb4f9b"},
]

[package.source]
type = "legacy"
url = "https://www.piwheels.org/simple"
reference = "piwheels"

[[package]]
name = "tomli"
version = "2.0.1"
description = "A lil' TOML parser"
optional = false
python-versions = ">=3.7"
files = [
    {file = "tomli-2.0.1-py3-none-any.whl", hash = "sha256:939de3e7a6161af0c887ef91b7d41a53e7c5a1ca976325f429cb46ea9bc30ecc"},
]

[package.source]
type = "legacy"
url = "https://www.piwheels.org/simple"
reference = "piwheels"

[[package]]
name = "tomlkit"
version = "0.12.4"
description = "Style preserving TOML library"
optional = false
python-versions = ">=3.7"
files = [
    {file = "tomlkit-0.12.4-py3-none-any.whl", hash = "sha256:5cd82d48a3dd89dee1f9d64420aa20ae65cfbd00668d6f094d7578a78efbb77b"},
]

[package.source]
type = "legacy"
url = "https://www.piwheels.org/simple"
reference = "piwheels"

[[package]]
name = "typing-extensions"
version = "4.10.0"
description = "Backported and Experimental Type Hints for Python 3.8+"
optional = false
python-versions = ">=3.8"
files = [
    {file = "typing_extensions-4.10.0-py3-none-any.whl", hash = "sha256:cf4b3897a28953482b51a794c6e2eacd0493446a7aa3f5f0913e4c612fde12da"},
]

[package.source]
type = "legacy"
url = "https://www.piwheels.org/simple"
reference = "piwheels"

[[package]]
name = "v4l2-python3"
version = "0.3.4"
description = "Python bindings for the v4l2 userspace api."
optional = false
python-versions = "*"
files = [
    {file = "v4l2_python3-0.3.4-py3-none-any.whl", hash = "sha256:37db285b21b70eed7abc4d42e53f193076702b2c614699046a8174fa34df6c1b"},
]

[package.source]
type = "legacy"
url = "https://www.piwheels.org/simple"
reference = "piwheels"

[[package]]
name = "vulture"
version = "2.11"
description = "Find dead code"
optional = false
python-versions = ">=3.8"
files = [
    {file = "vulture-2.11-py2.py3-none-any.whl", hash = "sha256:32fc974fb142b97a1365a4ccabf4465399fe6a96c0edf29467a8930efb7e4462"},
]

[package.dependencies]
tomli = {version = ">=1.1.0", markers = "python_version < \"3.11\""}

[package.source]
type = "legacy"
url = "https://www.piwheels.org/simple"
reference = "piwheels"

[[package]]
name = "win32-setctime"
version = "1.1.0"
description = "A small Python utility to set file creation time on Windows"
optional = false
python-versions = ">=3.5"
files = [
    {file = "win32_setctime-1.1.0-py3-none-any.whl", hash = "sha256:54a20e4c3e8534eef93b7260e3ff70e947cb049b8aa0e26034030c485b4d6b04"},
]

[package.extras]
dev = ["black (>=19.3b0)", "pytest (>=4.6.2)"]

[package.source]
type = "legacy"
url = "https://www.piwheels.org/simple"
reference = "piwheels"

[metadata]
lock-version = "2.0"
python-versions = ">=3.9.2"
content-hash = "8cb4fb8f892688e5cf6ee37fba9be081bcb980537d0c35eaad89311b8fb963da"
