# This file is automatically @generated by Poetry 1.7.1 and should not be changed by hand.

[[package]]
name = "adafruit-blinka"
version = "8.19.0"
description = "CircuitPython APIs for non-CircuitPython versions of Python such as CPython on Linux and MicroPython."
optional = false
python-versions = ">=3.7.0"
files = [
    {file = "Adafruit_Blinka-8.19.0-py3-none-any.whl", hash = "sha256:41dfc5988d9897841db5969f93e33f02834c32e1923446d93a30f034e0723f77"},
]

[package.dependencies]
adafruit-circuitpython-typing = "*"
Adafruit-PlatformDetect = ">=3.13.0"
Adafruit-PureIO = ">=1.1.7"
pyftdi = ">=0.40.0"
"RPi.GPIO" = "*"
rpi-ws281x = ">=4.0.0"
sysv-ipc = ">=1.1.0"

[package.source]
type = "legacy"
url = "https://www.piwheels.org/simple"
reference = "piwheels"

[[package]]
name = "adafruit-circuitpython-busdevice"
version = "5.2.6"
description = "CircuitPython bus device classes to manage bus sharing."
optional = false
python-versions = "*"
files = [
    {file = "adafruit_circuitpython_busdevice-5.2.6-py3-none-any.whl", hash = "sha256:b6eed0dd8444c3812a26dc34590d83449c9617454618d55417bae0069cf383b3"},
]

[package.dependencies]
Adafruit-Blinka = ">=7.0.0"
adafruit-circuitpython-typing = "*"

[package.source]
type = "legacy"
url = "https://www.piwheels.org/simple"
reference = "piwheels"

[[package]]
name = "adafruit-circuitpython-connectionmanager"
version = "1.0.1"
description = "A urllib3.poolmanager/urllib3.connectionpool-like library for managing sockets and connections"
optional = false
python-versions = "*"
files = [
    {file = "adafruit_circuitpython_connectionmanager-1.0.1-py3-none-any.whl", hash = "sha256:67dead68080d54d11a7ef0c1ae951bd5edfe6e592c61f09a0e0d59e513277441"},
]

[package.dependencies]
Adafruit-Blinka = "*"

[package.source]
type = "legacy"
url = "https://www.piwheels.org/simple"
reference = "piwheels"

[[package]]
name = "adafruit-circuitpython-motor"
version = "3.3.5"
description = "CircuitPython helper library provides higher level objects to control motors and servos."
optional = false
python-versions = "*"
files = [
    {file = "adafruit_circuitpython_motor-3.3.5-py3-none-any.whl", hash = "sha256:feb6712522fc61fb96eeaae60396300a9ac87e212d7b4e48ae293da210c82ef5"},
]

[package.dependencies]
Adafruit-Blinka = "*"

[package.source]
type = "legacy"
url = "https://www.piwheels.org/simple"
reference = "piwheels"

[[package]]
name = "adafruit-circuitpython-motorkit"
version = "1.6.14"
description = "CircuitPython helper library for DC & Stepper Motor FeatherWing, Shield, and Pi Hat kits."
optional = false
python-versions = "*"
files = [
    {file = "adafruit_circuitpython_motorkit-1.6.14-py3-none-any.whl", hash = "sha256:a4d136d2ab967c2d0a7b3e1e44ada51626ba0bf9f0a3579cdcfed79052851562"},
]

[package.dependencies]
Adafruit-Blinka = "*"
adafruit-circuitpython-busdevice = "*"
adafruit-circuitpython-motor = "*"
adafruit-circuitpython-pca9685 = "*"
adafruit-circuitpython-register = "*"

[package.source]
type = "legacy"
url = "https://www.piwheels.org/simple"
reference = "piwheels"

[[package]]
name = "adafruit-circuitpython-pca9685"
version = "3.4.14"
description = "CircuitPython driver for motor, stepper, and servo based on PCA9685."
optional = false
python-versions = "*"
files = [
    {file = "adafruit_circuitpython_pca9685-3.4.14-py3-none-any.whl", hash = "sha256:8ee33995cb731ac4e36faf49a5561b69e4fb0f61defd9d1f079535412d612188"},
]

[package.dependencies]
Adafruit-Blinka = "*"
adafruit-circuitpython-busdevice = "*"
adafruit-circuitpython-register = "*"

[package.source]
type = "legacy"
url = "https://www.piwheels.org/simple"
reference = "piwheels"

[[package]]
name = "adafruit-circuitpython-register"
version = "1.9.18"
description = "CircuitPython data descriptor classes to represent hardware registers on I2C and SPI devices."
optional = false
python-versions = "*"
files = [
    {file = "adafruit_circuitpython_register-1.9.18-py3-none-any.whl", hash = "sha256:a7273badfa4754681ff943e0ffd06304fcca8e5446f34babc28b3dac9246d05b"},
]

[package.dependencies]
Adafruit-Blinka = "*"
adafruit-circuitpython-busdevice = "*"
adafruit-circuitpython-typing = ">=1.3.1,<2.dev0"
typing-extensions = ">=4.0,<5.0"

[package.source]
type = "legacy"
url = "https://www.piwheels.org/simple"
reference = "piwheels"

[[package]]
name = "adafruit-circuitpython-requests"
version = "3.0.1"
description = "A requests-like library for web interfacing"
optional = false
python-versions = "*"
files = [
    {file = "adafruit_circuitpython_requests-3.0.1-py3-none-any.whl", hash = "sha256:f5ce323d75b307774dac11303db153286ba99e4a8fe5e8e287e890b8c272a1f5"},
]

[package.dependencies]
Adafruit-Blinka = "*"
Adafruit-Circuitpython-ConnectionManager = "*"

[package.source]
type = "legacy"
url = "https://www.piwheels.org/simple"
reference = "piwheels"

[[package]]
name = "adafruit-circuitpython-typing"
version = "1.10.2"
description = "Types needed for type annotation that are not in `typing`"
optional = false
python-versions = "*"
files = [
    {file = "adafruit_circuitpython_typing-1.10.2-py3-none-any.whl", hash = "sha256:44fe054431a867c7523f5f8b50b73c79c51d4b24b5bdf62947a064fa26791c31"},
]

[package.dependencies]
Adafruit-Blinka = "*"
adafruit-circuitpython-busdevice = "*"
adafruit-circuitpython-requests = "*"
typing-extensions = ">=4.0,<5.0"

[package.source]
type = "legacy"
url = "https://www.piwheels.org/simple"
reference = "piwheels"

[[package]]
name = "adafruit-gpio"
version = "1.0.3"
description = "Library to provide a cross-platform GPIO interface on the Raspberry Pi and Beaglebone Black using the RPi.GPIO and Adafruit_BBIO libraries."
optional = false
python-versions = "*"
files = [
    {file = "Adafruit_GPIO-1.0.3-py3-none-any.whl", hash = "sha256:2ec40553c94a154b62d3822ddd83b38428d8e1546f4fccce3aa6ab6e2d64ad79"},
]

[package.dependencies]
adafruit-pureio = "*"
spidev = "*"

[package.source]
type = "legacy"
url = "https://www.piwheels.org/simple"
reference = "piwheels"

[[package]]
name = "adafruit-platformdetect"
version = "3.45.2"
description = "Platform detection for use by libraries like Adafruit-Blinka."
optional = false
python-versions = "*"
files = [
    {file = "Adafruit_PlatformDetect-3.45.2-py3-none-any.whl", hash = "sha256:e5a9343bdfd0989312b9bc49cdb67f6d301a3c1af452d1fc1f94862e75cc1519"},
]

[package.source]
type = "legacy"
url = "https://www.piwheels.org/simple"
reference = "piwheels"

[[package]]
name = "adafruit-pureio"
version = "1.1.11"
description = "Pure python (i.e. no native extensions) access to Linux IO    including I2C and SPI. Drop in replacement for smbus and spidev modules."
optional = false
python-versions = ">=3.5.0"
files = [
    {file = "Adafruit_PureIO-1.1.11-py3-none-any.whl", hash = "sha256:665f23279bc216de92a00f34833650e2f49c9acc913fc3ca91195b94d172ed0f"},
]

[package.source]
type = "legacy"
url = "https://www.piwheels.org/simple"
reference = "piwheels"

[[package]]
name = "adafruit-ssd1306"
version = "1.6.2"
description = "Python library to use SSD1306-based 128x64 or 128x32 pixel OLED displays with a Raspberry Pi or Beaglebone Black."
optional = false
python-versions = "*"
files = [
    {file = "Adafruit_SSD1306-1.6.2-py3-none-any.whl", hash = "sha256:328e650bcff0cb8a693e9b8660932a323db4df6ff1d8041e98b0a6e53d7b9413"},
]

[package.dependencies]
Adafruit-GPIO = ">=0.6.5"

[package.source]
type = "legacy"
url = "https://www.piwheels.org/simple"
reference = "piwheels"

[[package]]
name = "av"
version = "10.0.0"
description = "Pythonic bindings for FFmpeg's libraries."
optional = false
python-versions = "*"
files = [
    {file = "av-10.0.0-cp37-cp37m-linux_armv6l.whl", hash = "sha256:fcb7da295a9de153d434e2c99987cbf77371096296a3733813179be0d87e3aa2"},
    {file = "av-10.0.0-cp37-cp37m-linux_armv7l.whl", hash = "sha256:fcb7da295a9de153d434e2c99987cbf77371096296a3733813179be0d87e3aa2"},
    {file = "av-10.0.0-cp39-cp39-linux_armv6l.whl", hash = "sha256:53217d6d1693152c37c5cdca7a7f7cbaaf2f687e41d7d5ec0d8af696c4b0b4b4"},
    {file = "av-10.0.0-cp39-cp39-linux_armv7l.whl", hash = "sha256:53217d6d1693152c37c5cdca7a7f7cbaaf2f687e41d7d5ec0d8af696c4b0b4b4"},
]

[package.source]
type = "legacy"
url = "https://www.piwheels.org/simple"
reference = "piwheels"

[[package]]
name = "colorama"
version = "0.4.6"
description = "Cross-platform colored terminal text."
optional = false
python-versions = "!=3.0.*,!=3.1.*,!=3.2.*,!=3.3.*,!=3.4.*,!=3.5.*,!=3.6.*,>=2.7"
files = [
    {file = "colorama-0.4.6-py2.py3-none-any.whl", hash = "sha256:4f1d9991f5acc0ca119f9d443620b77f9d6b33703e51011c16baf57afb285fc6"},
]

[package.source]
type = "legacy"
url = "https://www.piwheels.org/simple"
reference = "piwheels"

[[package]]
name = "colorzero"
version = "2.0"
description = "Yet another Python color library"
optional = false
python-versions = "*"
files = [
    {file = "colorzero-2.0-py2.py3-none-any.whl", hash = "sha256:0e60d743a6b8071498a56465f7719c96a5e92928f858bab1be2a0d606c9aa0f8"},
]

[package.dependencies]
setuptools = "*"

[package.extras]
doc = ["pkginfo", "sphinx", "sphinx-rtd-theme"]
test = ["pytest", "pytest-cov"]

[package.source]
type = "legacy"
url = "https://www.piwheels.org/simple"
reference = "piwheels"

[[package]]
name = "loguru"
version = "0.5.3"
description = "Python logging made (stupidly) simple"
optional = false
python-versions = ">=3.5"
files = [
    {file = "loguru-0.5.3-py3-none-any.whl", hash = "sha256:f8087ac396b5ee5f67c963b495d615ebbceac2796379599820e324419d53667c"},
]

[package.dependencies]
colorama = {version = ">=0.3.4", markers = "sys_platform == \"win32\""}
win32-setctime = {version = ">=1.0.0", markers = "sys_platform == \"win32\""}

[package.extras]
dev = ["Sphinx (>=2.2.1)", "black (>=19.10b0)", "codecov (>=2.0.15)", "colorama (>=0.3.4)", "flake8 (>=3.7.7)", "isort (>=5.1.1)", "pytest (>=4.6.2)", "pytest-cov (>=2.7.1)", "sphinx-autobuild (>=0.7.1)", "sphinx-rtd-theme (>=0.4.3)", "tox (>=3.9.0)", "tox-travis (>=0.12)"]

[package.source]
type = "legacy"
url = "https://www.piwheels.org/simple"
reference = "piwheels"

[[package]]
name = "numpy"
version = "1.26.4"
description = "Fundamental package for array computing in Python"
optional = false
python-versions = ">=3.9"
files = [
    {file = "numpy-1.26.4-cp311-cp311-linux_armv6l.whl", hash = "sha256:81a37a6d46f316f63b79f58865068410ff7a9e6bc37555c7600f1f608d7872fc"},
    {file = "numpy-1.26.4-cp311-cp311-linux_armv7l.whl", hash = "sha256:81a37a6d46f316f63b79f58865068410ff7a9e6bc37555c7600f1f608d7872fc"},
    {file = "numpy-1.26.4-cp39-cp39-linux_armv6l.whl", hash = "sha256:664008f1f01915d163caa021a2324f20c63e0d18f434a811a69ae2e24d322618"},
    {file = "numpy-1.26.4-cp39-cp39-linux_armv7l.whl", hash = "sha256:664008f1f01915d163caa021a2324f20c63e0d18f434a811a69ae2e24d322618"},
]

[package.source]
type = "legacy"
url = "https://www.piwheels.org/simple"
reference = "piwheels"

[[package]]
name = "paho-mqtt"
version = "1.6.1"
description = "MQTT version 5.0/3.1.1 client class"
optional = false
python-versions = "*"
files = [
    {file = "paho_mqtt-1.6.1-py3-none-any.whl", hash = "sha256:c44b3dd1b298894c44e3e842f7b0ca3ebe01f628a6f229c881b2324613d7bba7"},
]

[package.extras]
proxy = ["PySocks"]

[package.source]
type = "legacy"
url = "https://www.piwheels.org/simple"
reference = "piwheels"

[[package]]
name = "picamera"
version = "1.13"
description = "A pure Python interface for the Raspberry Pi camera module."
optional = false
python-versions = "*"
files = [
    {file = "picamera-1.13-py3-none-any.whl", hash = "sha256:122e792bb944973cdf2e810a8cbfc405d5c154083943ef75a5cc9f57ee4058f5"},
]

[package.extras]
array = ["numpy"]
doc = ["sphinx"]
test = ["Pillow", "coverage", "mock", "numpy", "pytest"]

[package.source]
type = "legacy"
url = "https://www.piwheels.org/simple"
reference = "piwheels"

[[package]]
name = "picamera2"
version = "0.3.17"
description = "The libcamera-based Python interface to Raspberry Pi cameras, based on the original Picamera library"
optional = false
python-versions = ">=3.9"
files = [
    {file = "picamera2-0.3.17-py3-none-any.whl", hash = "sha256:865cdee62758370885efff930812bbd9669ece183f60418b49513ce7f711fe24"},
]

[package.dependencies]
av = "*"
numpy = "*"
PiDNG = "*"
piexif = "*"
pillow = "*"
python-prctl = "*"
simplejpeg = "*"
v4l2-python3 = "*"

[package.extras]
gui = ["PyQt5", "pyopengl"]

[package.source]
type = "legacy"
url = "https://www.piwheels.org/simple"
reference = "piwheels"

[[package]]
name = "picamerax"
version = "21.9.8"
description = "A pure Python interface for the Raspberry Pi camera module, with extra features and fixes."
optional = false
python-versions = "*"
files = [
    {file = "picamerax-21.9.8-py3-none-any.whl", hash = "sha256:2386c3617fe4a65472e981e38501ebb3cd4a6a7cd2d72c0c85495078d60230ec"},
]

[package.dependencies]
colorzero = "*"

[package.extras]
array = ["numpy"]
doc = ["sphinx"]
test = ["Pillow", "coverage", "mock", "numpy", "pytest"]

[package.source]
type = "legacy"
url = "https://www.piwheels.org/simple"
reference = "piwheels"

[[package]]
name = "pidng"
version = "4.0.9"
description = "Python utility for creating Adobe DNG files from RAW image data."
optional = false
python-versions = ">=3.6"
files = [
    {file = "pidng-4.0.9-cp311-cp311-linux_armv6l.whl", hash = "sha256:c46546d0a1ba9c42e77435577808202370ea06b65adbedd6ddef817f98ff951c"},
    {file = "pidng-4.0.9-cp311-cp311-linux_armv7l.whl", hash = "sha256:c46546d0a1ba9c42e77435577808202370ea06b65adbedd6ddef817f98ff951c"},
    {file = "pidng-4.0.9-cp37-cp37m-linux_armv6l.whl", hash = "sha256:96ac5f016a35bb828aa0d7033c4fde414f4008017c3d9880a533b3678935a5bd"},
    {file = "pidng-4.0.9-cp37-cp37m-linux_armv7l.whl", hash = "sha256:96ac5f016a35bb828aa0d7033c4fde414f4008017c3d9880a533b3678935a5bd"},
    {file = "pidng-4.0.9-cp39-cp39-linux_armv6l.whl", hash = "sha256:f144858eebb83eca337bb27905efb7a290faca5b9d5f2cd5669c7148ef00b374"},
    {file = "pidng-4.0.9-cp39-cp39-linux_armv7l.whl", hash = "sha256:f144858eebb83eca337bb27905efb7a290faca5b9d5f2cd5669c7148ef00b374"},
]

[package.dependencies]
numpy = "*"

[package.source]
type = "legacy"
url = "https://www.piwheels.org/simple"
reference = "piwheels"

[[package]]
name = "piexif"
version = "1.1.3"
description = "To simplify exif manipulations with python. Writing, reading, and more..."
optional = false
python-versions = ">=2.7, !=3.0.*, !=3.1.*, !=3.2.*, !=3.3.*, !=3.4.*"
files = [
    {file = "piexif-1.1.3-py2.py3-none-any.whl", hash = "sha256:3bc435d171720150b81b15d27e05e54b8abbde7b4242cddd81ef160d283108b6"},
]

[package.source]
type = "legacy"
url = "https://www.piwheels.org/simple"
reference = "piwheels"

[[package]]
name = "pillow"
version = "10.2.0"
description = "Python Imaging Library (Fork)"
optional = false
python-versions = ">=3.8"
files = [
    {file = "pillow-10.2.0-cp311-cp311-linux_armv6l.whl", hash = "sha256:586020c04c8c433a46706bfbb4354a00d17a3d54527787fd2863e2fbbea5f612"},
    {file = "pillow-10.2.0-cp311-cp311-linux_armv7l.whl", hash = "sha256:586020c04c8c433a46706bfbb4354a00d17a3d54527787fd2863e2fbbea5f612"},
    {file = "pillow-10.2.0-cp39-cp39-linux_armv6l.whl", hash = "sha256:4c06e95b60744ed68a118865328d02b7760e57e072d07fff8ed761ec65898ea4"},
    {file = "pillow-10.2.0-cp39-cp39-linux_armv7l.whl", hash = "sha256:4c06e95b60744ed68a118865328d02b7760e57e072d07fff8ed761ec65898ea4"},
]

[package.extras]
docs = ["furo", "olefile", "sphinx (>=2.4)", "sphinx-copybutton", "sphinx-inline-tabs", "sphinx-removed-in", "sphinxext-opengraph"]
fpx = ["olefile"]
mic = ["olefile"]
tests = ["check-manifest", "coverage", "defusedxml", "markdown2", "olefile", "packaging", "pyroma", "pytest", "pytest-cov", "pytest-timeout"]
typing = ["typing-extensions"]
xmp = ["defusedxml"]

[package.source]
type = "legacy"
url = "https://www.piwheels.org/simple"
reference = "piwheels"

[[package]]
name = "pyftdi"
version = "0.55.0"
description = "FTDI device driver (pure Python)"
optional = false
python-versions = ">=3.8"
files = [
    {file = "pyftdi-0.55.0-py3-none-any.whl", hash = "sha256:662770e70b3c26dd8832a63adc660836f6557808005dd2735182f0c5a6aaa449"},
]

[package.dependencies]
pyserial = ">=3.0"
pyusb = ">=1.0.0,<1.2.0 || >1.2.0"

[package.source]
type = "legacy"
url = "https://www.piwheels.org/simple"
reference = "piwheels"

[[package]]
name = "pyserial"
version = "3.5"
description = "Python Serial Port Extension"
optional = false
python-versions = "*"
files = [
    {file = "pyserial-3.5-py2.py3-none-any.whl", hash = "sha256:c4451db6ba391ca6ca299fb3ec7bae67a5c55dde170964c7a14ceefec02f2cf0"},
]

[package.extras]
cp2110 = ["hidapi"]

[package.source]
type = "legacy"
url = "https://www.piwheels.org/simple"
reference = "piwheels"

[[package]]
name = "python-prctl"
version = "1.8.1"
description = "Python(ic) interface to the linux prctl syscall"
optional = false
python-versions = "*"
files = [
    {file = "python-prctl-1.8.1.tar.gz", hash = "sha256:b4ca9a25a7d4f1ace4fffd1f3a2e64ef5208fe05f929f3edd5e27081ca7e67ce"},
]

[[package]]
name = "pyusb"
version = "1.2.1"
description = "Python USB access module"
optional = false
python-versions = ">=3.6.0"
files = [
    {file = "pyusb-1.2.1-py3-none-any.whl", hash = "sha256:2b4c7cb86dbadf044dfb9d3a4ff69fd217013dbe78a792177a3feb172449ea36"},
]

[package.source]
type = "legacy"
url = "https://www.piwheels.org/simple"
reference = "piwheels"

[[package]]
name = "rpi-gpio"
version = "0.7.1"
description = "A module to control Raspberry Pi GPIO channels"
optional = false
python-versions = "*"
files = [
    {file = "RPi.GPIO-0.7.1-cp311-cp311-linux_armv6l.whl", hash = "sha256:df02c92d1a55ff8cdfffea5012ea73a9b09fdcc4d14799d834b3840fcf4039ad"},
    {file = "RPi.GPIO-0.7.1-cp311-cp311-linux_armv7l.whl", hash = "sha256:df02c92d1a55ff8cdfffea5012ea73a9b09fdcc4d14799d834b3840fcf4039ad"},
    {file = "RPi.GPIO-0.7.1-cp35-cp35m-linux_armv6l.whl", hash = "sha256:5073d1972727cfad38a1a42f02da91dc41f137679290aa804ab6c410168347ac"},
    {file = "RPi.GPIO-0.7.1-cp35-cp35m-linux_armv7l.whl", hash = "sha256:5073d1972727cfad38a1a42f02da91dc41f137679290aa804ab6c410168347ac"},
    {file = "RPi.GPIO-0.7.1-cp37-cp37m-linux_armv6l.whl", hash = "sha256:e5dfec2c4ccb7dbe9eef3dfc76a3b04121fc62d77fd8fbe1a8e841468a1b0c4c"},
    {file = "RPi.GPIO-0.7.1-cp37-cp37m-linux_armv7l.whl", hash = "sha256:e5dfec2c4ccb7dbe9eef3dfc76a3b04121fc62d77fd8fbe1a8e841468a1b0c4c"},
    {file = "RPi.GPIO-0.7.1-cp39-cp39-linux_armv6l.whl", hash = "sha256:231f6142c25975a7e39b96faf4905f05f97dba6809e8c5f0d58f284b35b4b821"},
    {file = "RPi.GPIO-0.7.1-cp39-cp39-linux_armv7l.whl", hash = "sha256:231f6142c25975a7e39b96faf4905f05f97dba6809e8c5f0d58f284b35b4b821"},
]

[package.source]
type = "legacy"
url = "https://www.piwheels.org/simple"
reference = "piwheels"

[[package]]
name = "rpi-ws281x"
version = "5.0.0"
description = "Userspace Raspberry Pi PWM/PCM/SPI library for SK6812 and WS281X LEDs."
optional = false
python-versions = ">=3.6"
files = [
    {file = "rpi_ws281x-5.0.0-cp37-cp37m-linux_armv6l.whl", hash = "sha256:2d9d8cb8f54bf68c1935a9b466aef8960f2e4aec4328057c0a9e59fc8eaad187"},
    {file = "rpi_ws281x-5.0.0-cp37-cp37m-linux_armv7l.whl", hash = "sha256:2d9d8cb8f54bf68c1935a9b466aef8960f2e4aec4328057c0a9e59fc8eaad187"},
    {file = "rpi_ws281x-5.0.0-cp39-cp39-linux_armv6l.whl", hash = "sha256:3c4af921dda22a393e42793e799823918e7d7a5bb71e50e885c22769ffa00c73"},
    {file = "rpi_ws281x-5.0.0-cp39-cp39-linux_armv7l.whl", hash = "sha256:3c4af921dda22a393e42793e799823918e7d7a5bb71e50e885c22769ffa00c73"},
]

[package.source]
type = "legacy"
url = "https://www.piwheels.org/simple"
reference = "piwheels"

[[package]]
name = "setuptools"
version = "69.1.1"
description = "Easily download, build, install, upgrade, and uninstall Python packages"
optional = false
python-versions = ">=3.8"
files = [
    {file = "setuptools-69.1.1-py3-none-any.whl", hash = "sha256:e80cddb27be3c47ed49d9f27cbe2316414fd14e5be5143f84f8f7d7b89402173"},
]

[package.extras]
docs = ["furo", "jaraco.packaging (>=9.3)", "jaraco.tidelift (>=1.4)", "pygments-github-lexers (==0.0.5)", "rst.linker (>=1.9)", "sphinx (<7.2.5)", "sphinx (>=3.5)", "sphinx-favicon", "sphinx-inline-tabs", "sphinx-lint", "sphinx-notfound-page (>=1,<2)", "sphinx-reredirects", "sphinxcontrib-towncrier"]
testing = ["build[virtualenv]", "filelock (>=3.4.0)", "flake8-2020", "ini2toml[lite] (>=0.9)", "jaraco.develop (>=7.21)", "jaraco.envs (>=2.2)", "jaraco.path (>=3.2.0)", "packaging (>=23.2)", "pip (>=19.1)", "pytest (>=6)", "pytest-checkdocs (>=2.4)", "pytest-cov", "pytest-enabler (>=2.2)", "pytest-home (>=0.5)", "pytest-mypy (>=0.9.1)", "pytest-perf", "pytest-ruff (>=0.2.1)", "pytest-timeout", "pytest-xdist", "tomli-w (>=1.0.0)", "virtualenv (>=13.0.0)", "wheel"]
testing-integration = ["build[virtualenv] (>=1.0.3)", "filelock (>=3.4.0)", "jaraco.envs (>=2.2)", "jaraco.path (>=3.2.0)", "packaging (>=23.2)", "pytest", "pytest-enabler", "pytest-xdist", "tomli", "virtualenv (>=13.0.0)", "wheel"]

[package.source]
type = "legacy"
url = "https://www.piwheels.org/simple"
reference = "piwheels"

[[package]]
name = "simplejpeg"
version = "1.7.2"
description = "A simple package for fast JPEG encoding and decoding."
optional = false
python-versions = ">=3.7"
files = [
    {file = "simplejpeg-1.7.2-cp311-cp311-linux_armv6l.whl", hash = "sha256:c47d618dbb28bcd2d8c95bef6f6b8c1c2ef0c7d375c2cc4085958297814dd829"},
    {file = "simplejpeg-1.7.2-cp311-cp311-linux_armv7l.whl", hash = "sha256:c47d618dbb28bcd2d8c95bef6f6b8c1c2ef0c7d375c2cc4085958297814dd829"},
    {file = "simplejpeg-1.7.2-cp37-cp37m-linux_armv6l.whl", hash = "sha256:0faf1b26dfb1a9a32e1072c5469687473f668407af8860e2ab63150127811b32"},
    {file = "simplejpeg-1.7.2-cp37-cp37m-linux_armv7l.whl", hash = "sha256:0faf1b26dfb1a9a32e1072c5469687473f668407af8860e2ab63150127811b32"},
    {file = "simplejpeg-1.7.2-cp39-cp39-linux_armv6l.whl", hash = "sha256:91a62f2311d65232674c33035bd6c55fc2dd5784f16f736450db41902d2d8dbb"},
    {file = "simplejpeg-1.7.2-cp39-cp39-linux_armv7l.whl", hash = "sha256:91a62f2311d65232674c33035bd6c55fc2dd5784f16f736450db41902d2d8dbb"},
]

[package.dependencies]
numpy = "*"

[package.source]
type = "legacy"
url = "https://www.piwheels.org/simple"
reference = "piwheels"

[[package]]
name = "smbus2"
version = "0.4.3"
description = "smbus2 is a drop-in replacement for smbus-cffi/smbus-python in pure Python"
optional = false
python-versions = "*"
files = [
    {file = "smbus2-0.4.3-py2.py3-none-any.whl", hash = "sha256:4747d1f1394d9fb900d960a76931166645f901f3170616ab3aeb7eaaa6505bf5"},
]

[package.extras]
docs = ["sphinx (>=1.5.3)"]
qa = ["flake8"]
test = ["mock", "nose"]

[package.source]
type = "legacy"
url = "https://www.piwheels.org/simple"
reference = "piwheels"

[[package]]
name = "spidev"
version = "3.6"
description = "Python bindings for Linux SPI access through spidev"
optional = false
python-versions = "*"
files = [
    {file = "spidev-3.6-cp311-cp311-linux_armv6l.whl", hash = "sha256:7143daf8ac2238f7eeabc059db334265ad3b7cb936cecf6412c6cad502155ba4"},
    {file = "spidev-3.6-cp311-cp311-linux_armv7l.whl", hash = "sha256:7143daf8ac2238f7eeabc059db334265ad3b7cb936cecf6412c6cad502155ba4"},
    {file = "spidev-3.6-cp37-cp37m-linux_armv6l.whl", hash = "sha256:ef47ae501d5b307ce7411e3ddab4b4d04fa31fdaed5e5730a4e3336f65c5f76b"},
    {file = "spidev-3.6-cp37-cp37m-linux_armv7l.whl", hash = "sha256:ef47ae501d5b307ce7411e3ddab4b4d04fa31fdaed5e5730a4e3336f65c5f76b"},
    {file = "spidev-3.6-cp39-cp39-linux_armv6l.whl", hash = "sha256:202698d9f7906cca548c301b97eee117bc029642af3e743b28597f752d11c0ee"},
    {file = "spidev-3.6-cp39-cp39-linux_armv7l.whl", hash = "sha256:202698d9f7906cca548c301b97eee117bc029642af3e743b28597f752d11c0ee"},
]

[package.source]
type = "legacy"
url = "https://www.piwheels.org/simple"
reference = "piwheels"

[[package]]
name = "sysv-ipc"
version = "1.1.0"
description = "System V IPC primitives (semaphores, shared memory and message queues) for Python"
optional = false
python-versions = "*"
files = [
    {file = "sysv_ipc-1.1.0-cp311-cp311-linux_armv6l.whl", hash = "sha256:5fb634b7ff62415d240a6a37a7e7c0ed6fe708b2bb541a81bfaf3da4df7a47ff"},
    {file = "sysv_ipc-1.1.0-cp311-cp311-linux_armv7l.whl", hash = "sha256:5fb634b7ff62415d240a6a37a7e7c0ed6fe708b2bb541a81bfaf3da4df7a47ff"},
    {file = "sysv_ipc-1.1.0-cp37-cp37m-linux_armv6l.whl", hash = "sha256:3cc523ce39338200c0ad7735c48267a26735690977b4eb4879bd8e10b4e7a82d"},
    {file = "sysv_ipc-1.1.0-cp37-cp37m-linux_armv7l.whl", hash = "sha256:3cc523ce39338200c0ad7735c48267a26735690977b4eb4879bd8e10b4e7a82d"},
    {file = "sysv_ipc-1.1.0-cp39-cp39-linux_armv6l.whl", hash = "sha256:0ef1f4360d0c4e353f63d43743911c060881ebf920c95ec8adfa4fcbf58955da"},
    {file = "sysv_ipc-1.1.0-cp39-cp39-linux_armv7l.whl", hash = "sha256:0ef1f4360d0c4e353f63d43743911c060881ebf920c95ec8adfa4fcbf58955da"},
]

[package.source]
type = "legacy"
url = "https://www.piwheels.org/simple"
reference = "piwheels"

[[package]]
name = "typing-extensions"
version = "4.10.0"
description = "Backported and Experimental Type Hints for Python 3.8+"
optional = false
python-versions = ">=3.8"
files = [
    {file = "typing_extensions-4.10.0-py3-none-any.whl", hash = "sha256:cf4b3897a28953482b51a794c6e2eacd0493446a7aa3f5f0913e4c612fde12da"},
]

[package.source]
type = "legacy"
url = "https://www.piwheels.org/simple"
reference = "piwheels"

[[package]]
name = "v4l2-python3"
version = "0.3.4"
description = "Python bindings for the v4l2 userspace api."
optional = false
python-versions = "*"
files = [
    {file = "v4l2_python3-0.3.4-py3-none-any.whl", hash = "sha256:37db285b21b70eed7abc4d42e53f193076702b2c614699046a8174fa34df6c1b"},
]

[package.source]
type = "legacy"
url = "https://www.piwheels.org/simple"
reference = "piwheels"

[[package]]
name = "win32-setctime"
version = "1.1.0"
description = "A small Python utility to set file creation time on Windows"
optional = false
python-versions = ">=3.5"
files = [
    {file = "win32_setctime-1.1.0-py3-none-any.whl", hash = "sha256:54a20e4c3e8534eef93b7260e3ff70e947cb049b8aa0e26034030c485b4d6b04"},
]

[package.extras]
dev = ["black (>=19.3b0)", "pytest (>=4.6.2)"]

[package.source]
type = "legacy"
url = "https://www.piwheels.org/simple"
reference = "piwheels"

[metadata]
lock-version = "2.0"
python-versions = ">=3.9.2"
content-hash = "6a6d966ddf05cdb5733188e08b7d62e28c35073ef2570744a447449c28b0b44e"
